
Microsoft Visual Studio Solution File, Format Version 12.00
# Visual Studio Version 17
VisualStudioVersion = 17.4.33122.133
MinimumVisualStudioVersion = 10.0.40219.1
Project("{9A19103F-16F7-4668-BE54-9A1E7A4F7556}") = "WS.Api", "WS.Api\WS.Api.csproj", "{DBDA75DA-04F3-42A7-993B-1FE5202FB7D1}"
EndProject
Project("{9A19103F-16F7-4668-BE54-9A1E7A4F7556}") = "WS.Api.Library", "WS.Api.Library\WS.Api.Library.csproj", "{B6D2A5BC-3550-4B19-AC08-B78D6F52F1B5}"
EndProject
Project("{9A19103F-16F7-4668-BE54-9A1E7A4F7556}") = "WS.WebUI", "WS.WebUI\WS.WebUI.csproj", "{2AF6FF73-A53B-4EE9-B148-41C691A8B5A4}"
EndProject
Project("{9A19103F-16F7-4668-BE54-9A1E7A4F7556}") = "WS.WebUI.Library", "WS.WebUI.Library\WS.WebUI.Library.csproj", "{FBCB2102-6B52-4E73-AD8E-B376F84CFEE9}"
EndProject
Project("{00D1A9C2-B5F0-4AF3-8072-F6C62B433612}") = "WS.Data", "WS.Data\WS.Data.sqlproj", "{27C161DC-9E1B-451C-8EE0-13BAE417E629}"
EndProject
Project("{2150E333-8FDC-42A3-9474-1A3956D46DE8}") = "API", "API", "{1F88F488-5CB4-41F2-8D7E-2231E46C1857}"
EndProject
Project("{2150E333-8FDC-42A3-9474-1A3956D46DE8}") = "UI", "UI", "{5354A67C-AAA8-4C4E-A72F-57DDDC8595BC}"
EndProject
Project("{2150E333-8FDC-42A3-9474-1A3956D46DE8}") = "Solution Items", "Solution Items", "{F05760E4-7DED-462B-8BD2-652F2A2D3EDC}"
EndProject
Global
	GlobalSection(SolutionConfigurationPlatforms) = preSolution
		Debug|Any CPU = Debug|Any CPU
		Release|Any CPU = Release|Any CPU
	EndGlobalSection
	GlobalSection(ProjectConfigurationPlatforms) = postSolution
		{DBDA75DA-04F3-42A7-993B-1FE5202FB7D1}.Debug|Any CPU.ActiveCfg = Debug|Any CPU
		{DBDA75DA-04F3-42A7-993B-1FE5202FB7D1}.Debug|Any CPU.Build.0 = Debug|Any CPU
		{DBDA75DA-04F3-42A7-993B-1FE5202FB7D1}.Release|Any CPU.ActiveCfg = Release|Any CPU
		{DBDA75DA-04F3-42A7-993B-1FE5202FB7D1}.Release|Any CPU.Build.0 = Release|Any CPU
		{B6D2A5BC-3550-4B19-AC08-B78D6F52F1B5}.Debug|Any CPU.ActiveCfg = Debug|Any CPU
		{B6D2A5BC-3550-4B19-AC08-B78D6F52F1B5}.Debug|Any CPU.Build.0 = Debug|Any CPU
		{B6D2A5BC-3550-4B19-AC08-B78D6F52F1B5}.Release|Any CPU.ActiveCfg = Release|Any CPU
		{B6D2A5BC-3550-4B19-AC08-B78D6F52F1B5}.Release|Any CPU.Build.0 = Release|Any CPU
		{2AF6FF73-A53B-4EE9-B148-41C691A8B5A4}.Debug|Any CPU.ActiveCfg = Debug|Any CPU
		{2AF6FF73-A53B-4EE9-B148-41C691A8B5A4}.Debug|Any CPU.Build.0 = Debug|Any CPU
		{2AF6FF73-A53B-4EE9-B148-41C691A8B5A4}.Release|Any CPU.ActiveCfg = Release|Any CPU
		{2AF6FF73-A53B-4EE9-B148-41C691A8B5A4}.Release|Any CPU.Build.0 = Release|Any CPU
		{FBCB2102-6B52-4E73-AD8E-B376F84CFEE9}.Debug|Any CPU.ActiveCfg = Debug|Any CPU
		{FBCB2102-6B52-4E73-AD8E-B376F84CFEE9}.Debug|Any CPU.Build.0 = Debug|Any CPU
		{FBCB2102-6B52-4E73-AD8E-B376F84CFEE9}.Release|Any CPU.ActiveCfg = Release|Any CPU
		{FBCB2102-6B52-4E73-AD8E-B376F84CFEE9}.Release|Any CPU.Build.0 = Release|Any CPU
		{27C161DC-9E1B-451C-8EE0-13BAE417E629}.Debug|Any CPU.ActiveCfg = Debug|Any CPU
		{27C161DC-9E1B-451C-8EE0-13BAE417E629}.Debug|Any CPU.Build.0 = Debug|Any CPU
		{27C161DC-9E1B-451C-8EE0-13BAE417E629}.Debug|Any CPU.Deploy.0 = Debug|Any CPU
		{27C161DC-9E1B-451C-8EE0-13BAE417E629}.Release|Any CPU.ActiveCfg = Release|Any CPU
		{27C161DC-9E1B-451C-8EE0-13BAE417E629}.Release|Any CPU.Build.0 = Release|Any CPU
		{27C161DC-9E1B-451C-8EE0-13BAE417E629}.Release|Any CPU.Deploy.0 = Release|Any CPU
	EndGlobalSection
	GlobalSection(SolutionProperties) = preSolution
		HideSolutionNode = FALSE
	EndGlobalSection
	GlobalSection(NestedProjects) = preSolution
		{DBDA75DA-04F3-42A7-993B-1FE5202FB7D1} = {1F88F488-5CB4-41F2-8D7E-2231E46C1857}
		{B6D2A5BC-3550-4B19-AC08-B78D6F52F1B5} = {1F88F488-5CB4-41F2-8D7E-2231E46C1857}
		{2AF6FF73-A53B-4EE9-B148-41C691A8B5A4} = {5354A67C-AAA8-4C4E-A72F-57DDDC8595BC}
		{FBCB2102-6B52-4E73-AD8E-B376F84CFEE9} = {5354A67C-AAA8-4C4E-A72F-57DDDC8595BC}
	EndGlobalSection
	GlobalSection(ExtensibilityGlobals) = postSolution
		SolutionGuid = {D2320B70-31F9-4048-86F6-D5046691B66F}
	EndGlobalSection
EndGlobal
